
Microsoft Visual Studio Solution File, Format Version 12.00
# Visual Studio 15
VisualStudioVersion = 15.0.28307.572
MinimumVisualStudioVersion = 10.0.40219.1
Project("{FAE04EC0-301F-11D3-BF4B-00C04F79EFBC}") = "Factory", "Factory\Factory.csproj", "{3A394CF3-6D41-4D13-936C-037FDCFAECE1}"
EndProject
Project("{FAE04EC0-301F-11D3-BF4B-00C04F79EFBC}") = "Client", "Client\Client.csproj", "{6F478902-D55B-4B1F-B5C1-C293F6025CB9}"
EndProject
Global
	GlobalSection(SolutionConfigurationPlatforms) = preSolution
		Debug|Any CPU = Debug|Any CPU
		Release|Any CPU = Release|Any CPU
	EndGlobalSection
	GlobalSection(ProjectConfigurationPlatforms) = postSolution
		{3A394CF3-6D41-4D13-936C-037FDCFAECE1}.Debug|Any CPU.ActiveCfg = Debug|Any CPU
		{3A394CF3-6D41-4D13-936C-037FDCFAECE1}.Debug|Any CPU.Build.0 = Debug|Any CPU
		{3A394CF3-6D41-4D13-936C-037FDCFAECE1}.Release|Any CPU.ActiveCfg = Release|Any CPU
		{3A394CF3-6D41-4D13-936C-037FDCFAECE1}.Release|Any CPU.Build.0 = Release|Any CPU
		{6F478902-D55B-4B1F-B5C1-C293F6025CB9}.Debug|Any CPU.ActiveCfg = Debug|Any CPU
		{6F478902-D55B-4B1F-B5C1-C293F6025CB9}.Debug|Any CPU.Build.0 = Debug|Any CPU
		{6F478902-D55B-4B1F-B5C1-C293F6025CB9}.Release|Any CPU.ActiveCfg = Release|Any CPU
		{6F478902-D55B-4B1F-B5C1-C293F6025CB9}.Release|Any CPU.Build.0 = Release|Any CPU
	EndGlobalSection
	GlobalSection(SolutionProperties) = preSolution
		HideSolutionNode = FALSE
	EndGlobalSection
	GlobalSection(ExtensibilityGlobals) = postSolution
		SolutionGuid = {1774F6D9-F825-4A02-91E3-DAD0F10DE21F}
	EndGlobalSection
EndGlobal
