
Microsoft Visual Studio Solution File, Format Version 12.00
# Visual Studio 15
VisualStudioVersion = 15.0.28307.572
MinimumVisualStudioVersion = 10.0.40219.1
Project("{FAE04EC0-301F-11D3-BF4B-00C04F79EFBC}") = "ConsoleAppClientTCP", "ConsoleAppClientTCP\ConsoleAppClientTCP.csproj", "{EE51B8ED-BDF6-4E36-BE10-3BE6E227EEEA}"
EndProject
Global
	GlobalSection(SolutionConfigurationPlatforms) = preSolution
		Debug|Any CPU = Debug|Any CPU
		Release|Any CPU = Release|Any CPU
	EndGlobalSection
	GlobalSection(ProjectConfigurationPlatforms) = postSolution
		{EE51B8ED-BDF6-4E36-BE10-3BE6E227EEEA}.Debug|Any CPU.ActiveCfg = Debug|Any CPU
		{EE51B8ED-BDF6-4E36-BE10-3BE6E227EEEA}.Debug|Any CPU.Build.0 = Debug|Any CPU
		{EE51B8ED-BDF6-4E36-BE10-3BE6E227EEEA}.Release|Any CPU.ActiveCfg = Release|Any CPU
		{EE51B8ED-BDF6-4E36-BE10-3BE6E227EEEA}.Release|Any CPU.Build.0 = Release|Any CPU
	EndGlobalSection
	GlobalSection(SolutionProperties) = preSolution
		HideSolutionNode = FALSE
	EndGlobalSection
	GlobalSection(ExtensibilityGlobals) = postSolution
		SolutionGuid = {FCAB0FE6-ECC9-4135-8C97-B5D82759A891}
	EndGlobalSection
EndGlobal
