
Microsoft Visual Studio Solution File, Format Version 12.00
# Visual Studio 15
VisualStudioVersion = 15.0.28307.572
MinimumVisualStudioVersion = 10.0.40219.1
Project("{FAE04EC0-301F-11D3-BF4B-00C04F79EFBC}") = "ClientUDP1", "ClientUDP1\ClientUDP1.csproj", "{7C3D29D9-BA70-48E1-B6F0-64887765053B}"
EndProject
Global
	GlobalSection(SolutionConfigurationPlatforms) = preSolution
		Debug|Any CPU = Debug|Any CPU
		Release|Any CPU = Release|Any CPU
	EndGlobalSection
	GlobalSection(ProjectConfigurationPlatforms) = postSolution
		{7C3D29D9-BA70-48E1-B6F0-64887765053B}.Debug|Any CPU.ActiveCfg = Debug|Any CPU
		{7C3D29D9-BA70-48E1-B6F0-64887765053B}.Debug|Any CPU.Build.0 = Debug|Any CPU
		{7C3D29D9-BA70-48E1-B6F0-64887765053B}.Release|Any CPU.ActiveCfg = Release|Any CPU
		{7C3D29D9-BA70-48E1-B6F0-64887765053B}.Release|Any CPU.Build.0 = Release|Any CPU
	EndGlobalSection
	GlobalSection(SolutionProperties) = preSolution
		HideSolutionNode = FALSE
	EndGlobalSection
	GlobalSection(ExtensibilityGlobals) = postSolution
		SolutionGuid = {BFD6C0A1-EB66-4516-AB9D-81E62A29376A}
	EndGlobalSection
EndGlobal
